
Microsoft Visual Studio Solution File, Format Version 12.00
# Visual Studio 15
VisualStudioVersion = 15.0.27130.2027
MinimumVisualStudioVersion = 10.0.40219.1
Project("{2150E333-8FDC-42A3-9474-1A3956D46DE8}") = "misc", "misc", "{DD6DE5D2-E17E-4985-AD23-29F83799CAFC}"
	ProjectSection(SolutionItems) = preProject
		.gitattributes = .gitattributes
		.gitignore = .gitignore
		Build.bat = Build.bat
		CodeMaid.config = CodeMaid.config
		CONTRIBUTING.md = CONTRIBUTING.md
		en-US_User.dic = en-US_User.dic
		en_US.aff = en_US.aff
		en_US.dic = en_US.dic
		LICENSE.txt = LICENSE.txt
		psakefile.ps1 = psakefile.ps1
		RapidField.Logo.Color.Black.Transparent.200w.png = RapidField.Logo.Color.Black.Transparent.200w.png
		RapidField.SolidInstruments.sln.vsspell = RapidField.SolidInstruments.sln.vsspell
		README.md = README.md
		SolidInstruments.Logo.Color.Transparent.500w.png = SolidInstruments.Logo.Color.Transparent.500w.png
	EndProjectSection
EndProject
Project("{2150E333-8FDC-42A3-9474-1A3956D46DE8}") = "src", "src", "{F58E05BE-9DC6-41B4-8324-C006F6CE7CC7}"
EndProject
Project("{2150E333-8FDC-42A3-9474-1A3956D46DE8}") = "test", "test", "{5DAD6C24-954B-43EC-B7D9-62BC08CF7AC6}"
EndProject
Project("{9A19103F-16F7-4668-BE54-9A1E7A4F7556}") = "RapidField.SolidInstruments.Core", "src\RapidField.SolidInstruments.Core\RapidField.SolidInstruments.Core.csproj", "{AA3D9B87-9EC2-403F-B999-C1EB4F8F43EC}"
EndProject
Project("{9A19103F-16F7-4668-BE54-9A1E7A4F7556}") = "RapidField.SolidInstruments.Mathematics", "src\RapidField.SolidInstruments.Mathematics\RapidField.SolidInstruments.Mathematics.csproj", "{88D856A1-004F-4B78-9ADC-CC230B13B190}"
EndProject
Project("{9A19103F-16F7-4668-BE54-9A1E7A4F7556}") = "RapidField.SolidInstruments.Core.UnitTests", "test\RapidField.SolidInstruments.Core.UnitTests\RapidField.SolidInstruments.Core.UnitTests.csproj", "{8C3F9763-5710-4BB7-BD21-5E216814DD8C}"
EndProject
Project("{9A19103F-16F7-4668-BE54-9A1E7A4F7556}") = "RapidField.SolidInstruments.Mathematics.UnitTests", "test\RapidField.SolidInstruments.Mathematics.UnitTests\RapidField.SolidInstruments.Mathematics.UnitTests.csproj", "{CEA3687A-7032-4301-839F-E155C63390B6}"
EndProject
Project("{9A19103F-16F7-4668-BE54-9A1E7A4F7556}") = "RapidField.SolidInstruments.Cryptography", "src\RapidField.SolidInstruments.Cryptography\RapidField.SolidInstruments.Cryptography.csproj", "{5912202A-10FD-4B9D-A551-6ECCADCFF210}"
EndProject
Project("{9A19103F-16F7-4668-BE54-9A1E7A4F7556}") = "RapidField.SolidInstruments.Cryptography.UnitTests", "test\RapidField.SolidInstruments.Cryptography.UnitTests\RapidField.SolidInstruments.Cryptography.UnitTests.csproj", "{201D5E3F-59EE-465A-93F7-3796278E8125}"
EndProject
Project("{9A19103F-16F7-4668-BE54-9A1E7A4F7556}") = "RapidField.SolidInstruments.DataAccess", "src\RapidField.SolidInstruments.DataAccess\RapidField.SolidInstruments.DataAccess.csproj", "{318A9071-1D8B-49EE-84B8-E75DB4193D07}"
EndProject
Project("{9A19103F-16F7-4668-BE54-9A1E7A4F7556}") = "RapidField.SolidInstruments.DataAccess.UnitTests", "test\RapidField.SolidInstruments.DataAccess.UnitTests\RapidField.SolidInstruments.DataAccess.UnitTests.csproj", "{7E6CF559-ACD2-470E-BC88-35AC2313CBCB}"
EndProject
Project("{9A19103F-16F7-4668-BE54-9A1E7A4F7556}") = "RapidField.SolidInstruments.DataAccess.EntityFramework", "src\RapidField.SolidInstruments.DataAccess.EntityFramework\RapidField.SolidInstruments.DataAccess.EntityFramework.csproj", "{481F1ED2-5A92-4719-AE40-BD511857A639}"
EndProject
Project("{9A19103F-16F7-4668-BE54-9A1E7A4F7556}") = "RapidField.SolidInstruments.ObjectComposition", "src\RapidField.SolidInstruments.ObjectComposition\RapidField.SolidInstruments.ObjectComposition.csproj", "{423D665F-C102-4A50-A487-F19C75551228}"
EndProject
Project("{9A19103F-16F7-4668-BE54-9A1E7A4F7556}") = "RapidField.SolidInstruments.ObjectComposition.UnitTests", "test\RapidField.SolidInstruments.ObjectComposition.UnitTests\RapidField.SolidInstruments.ObjectComposition.UnitTests.csproj", "{C1F9E16B-80F7-4020-B53C-18C5EF5BB266}"
EndProject
Project("{9A19103F-16F7-4668-BE54-9A1E7A4F7556}") = "RapidField.SolidInstruments.Collections", "src\RapidField.SolidInstruments.Collections\RapidField.SolidInstruments.Collections.csproj", "{46D54C62-8FAC-4B35-966F-1757EBDF3355}"
EndProject
Project("{9A19103F-16F7-4668-BE54-9A1E7A4F7556}") = "RapidField.SolidInstruments.Collections.UnitTests", "test\RapidField.SolidInstruments.Collections.UnitTests\RapidField.SolidInstruments.Collections.UnitTests.csproj", "{DEACB2C8-3F64-4E06-A4DB-87E71A107561}"
EndProject
Project("{9A19103F-16F7-4668-BE54-9A1E7A4F7556}") = "RapidField.SolidInstruments.EventAuthoring", "src\RapidField.SolidInstruments.EventAuthoring\RapidField.SolidInstruments.EventAuthoring.csproj", "{C7EEF11F-B8BD-4FAF-9807-BE4BE609BC41}"
EndProject
Project("{9A19103F-16F7-4668-BE54-9A1E7A4F7556}") = "RapidField.SolidInstruments.EventAuthoring.UnitTests", "test\RapidField.SolidInstruments.EventAuthoring.UnitTests\RapidField.SolidInstruments.EventAuthoring.UnitTests.csproj", "{1AD54151-74FC-4F7F-A660-F581FB1B968E}"
EndProject
Project("{9A19103F-16F7-4668-BE54-9A1E7A4F7556}") = "RapidField.SolidInstruments.Serialization", "src\RapidField.SolidInstruments.Serialization\RapidField.SolidInstruments.Serialization.csproj", "{D48D1A36-0682-4426-ACAB-FC51B9DCEB9E}"
EndProject
Project("{9A19103F-16F7-4668-BE54-9A1E7A4F7556}") = "RapidField.SolidInstruments.Serialization.UnitTests", "test\RapidField.SolidInstruments.Serialization.UnitTests\RapidField.SolidInstruments.Serialization.UnitTests.csproj", "{4EF35BE7-67D7-4CF3-915A-8F393C4D99CB}"
EndProject
Project("{9A19103F-16F7-4668-BE54-9A1E7A4F7556}") = "RapidField.SolidInstruments.TextEncoding", "src\RapidField.SolidInstruments.TextEncoding\RapidField.SolidInstruments.TextEncoding.csproj", "{E7B65558-5EB3-43A3-B145-2A5C30FD594F}"
EndProject
Project("{9A19103F-16F7-4668-BE54-9A1E7A4F7556}") = "RapidField.SolidInstruments.TextEncoding.UnitTests", "test\RapidField.SolidInstruments.TextEncoding.UnitTests\RapidField.SolidInstruments.TextEncoding.UnitTests.csproj", "{CD107816-83BE-43DA-A0DE-259F646132D1}"
EndProject
Project("{9A19103F-16F7-4668-BE54-9A1E7A4F7556}") = "RapidField.SolidInstruments.InversionOfControl", "src\RapidField.SolidInstruments.InversionOfControl\RapidField.SolidInstruments.InversionOfControl.csproj", "{8AC93190-DC2D-4574-B5FE-BF021E00A178}"
EndProject
Project("{9A19103F-16F7-4668-BE54-9A1E7A4F7556}") = "RapidField.SolidInstruments.InversionOfControl.UnitTests", "test\RapidField.SolidInstruments.InversionOfControl.UnitTests\RapidField.SolidInstruments.InversionOfControl.UnitTests.csproj", "{5EF52B77-4BCA-4C0B-92B1-2561C3A55CDE}"
EndProject
Project("{9A19103F-16F7-4668-BE54-9A1E7A4F7556}") = "RapidField.SolidInstruments.Messaging", "src\RapidField.SolidInstruments.Messaging\RapidField.SolidInstruments.Messaging.csproj", "{7FCA3B45-9BC8-42EC-AE54-9D9F75899551}"
EndProject
Project("{9A19103F-16F7-4668-BE54-9A1E7A4F7556}") = "RapidField.SolidInstruments.Messaging.UnitTests", "test\RapidField.SolidInstruments.Messaging.UnitTests\RapidField.SolidInstruments.Messaging.UnitTests.csproj", "{30ED497E-F1FC-4613-8BF6-DFECB433042B}"
EndProject
Project("{9A19103F-16F7-4668-BE54-9A1E7A4F7556}") = "RapidField.SolidInstruments.Command", "src\RapidField.SolidInstruments.Command\RapidField.SolidInstruments.Command.csproj", "{24A45340-C8FF-43DC-9C53-8504DA127BA6}"
EndProject
Project("{9A19103F-16F7-4668-BE54-9A1E7A4F7556}") = "RapidField.SolidInstruments.Command.UnitTests", "test\RapidField.SolidInstruments.Command.UnitTests\RapidField.SolidInstruments.Command.UnitTests.csproj", "{A4EA28AF-2D15-42E8-95E6-C1D977DA2DBC}"
EndProject
Project("{9A19103F-16F7-4668-BE54-9A1E7A4F7556}") = "RapidField.SolidInstruments.InversionOfControl.Autofac", "src\RapidField.SolidInstruments.InversionOfControl.Autofac\RapidField.SolidInstruments.InversionOfControl.Autofac.csproj", "{4D6738B7-0941-4E3F-842F-82B2B771E249}"
EndProject
Project("{9A19103F-16F7-4668-BE54-9A1E7A4F7556}") = "RapidField.SolidInstruments.InversionOfControl.Autofac.UnitTests", "test\RapidField.SolidInstruments.InversionOfControl.Autofac.UnitTests\RapidField.SolidInstruments.InversionOfControl.Autofac.UnitTests.csproj", "{08A17DF7-07BA-4D99-9790-09213993D3C7}"
EndProject
Project("{2150E333-8FDC-42A3-9474-1A3956D46DE8}") = "cicd", "cicd", "{265B737A-1B0A-4FAC-9A81-0EC3C19C8AFA}"
	ProjectSection(SolutionItems) = preProject
		cicd\AutomationTools.psm1 = cicd\AutomationTools.psm1
		cicd\BuildAndDeployment.psm1 = cicd\BuildAndDeployment.psm1
		cicd\Configuration.psm1 = cicd\Configuration.psm1
		cicd\DevelopmentTools.psm1 = cicd\DevelopmentTools.psm1
		cicd\ExecuteCicdBuild.ps1 = cicd\ExecuteCicdBuild.ps1
		cicd\ResetEnvironment.ps1 = cicd\ResetEnvironment.ps1
	EndProjectSection
EndProject
Project("{9A19103F-16F7-4668-BE54-9A1E7A4F7556}") = "RapidField.SolidInstruments.SignalProcessing", "src\RapidField.SolidInstruments.SignalProcessing\RapidField.SolidInstruments.SignalProcessing.csproj", "{37BD9C91-9861-4AB6-AB66-E355FE05429C}"
EndProject
Project("{9A19103F-16F7-4668-BE54-9A1E7A4F7556}") = "RapidField.SolidInstruments.SignalProcessing.UnitTests", "test\RapidField.SolidInstruments.SignalProcessing.UnitTests\RapidField.SolidInstruments.SignalProcessing.UnitTests.csproj", "{8C346A21-9830-4FDD-B559-329E4B1EF75D}"
EndProject
Project("{9A19103F-16F7-4668-BE54-9A1E7A4F7556}") = "RapidField.SolidInstruments.Messaging.AzureServiceBus", "src\RapidField.SolidInstruments.Messaging.AzureServiceBus\RapidField.SolidInstruments.Messaging.AzureServiceBus.csproj", "{FCFCA29A-2909-462D-AEAB-F067654236EC}"
EndProject
Project("{2150E333-8FDC-42A3-9474-1A3956D46DE8}") = "example", "example", "{BEB60D41-11BB-4C6E-8F5D-1E7990A27C34}"
EndProject
Project("{9A19103F-16F7-4668-BE54-9A1E7A4F7556}") = "RapidField.SolidInstruments.InversionOfControl.DotNetNative", "src\RapidField.SolidInstruments.InversionOfControl.DotNetNative\RapidField.SolidInstruments.InversionOfControl.DotNetNative.csproj", "{C08FA672-FAC1-4A6C-AEAA-C12417DBB25D}"
EndProject
Project("{9A19103F-16F7-4668-BE54-9A1E7A4F7556}") = "RapidField.SolidInstruments.InversionOfControl.DotNetNative.UnitTests", "test\RapidField.SolidInstruments.InversionOfControl.DotNetNative.UnitTests\RapidField.SolidInstruments.InversionOfControl.DotNetNative.UnitTests.csproj", "{D3F03AA2-A280-4D4D-A742-75BB6CEAB189}"
EndProject
Project("{9A19103F-16F7-4668-BE54-9A1E7A4F7556}") = "RapidField.SolidInstruments.DataAccess.EntityFramework.UnitTests", "test\RapidField.SolidInstruments.DataAccess.EntityFramework.UnitTests\RapidField.SolidInstruments.DataAccess.EntityFramework.UnitTests.csproj", "{BCDA38AB-FF8D-4A5D-B85A-FC23A98D0A42}"
EndProject
Project("{9A19103F-16F7-4668-BE54-9A1E7A4F7556}") = "RapidField.SolidInstruments.Example.DatabaseModel", "example\RapidField.SolidInstruments.Example.DatabaseModel\RapidField.SolidInstruments.Example.DatabaseModel.csproj", "{3EED0CA7-B5E5-4388-9256-A6B21E82F663}"
EndProject
Project("{9A19103F-16F7-4668-BE54-9A1E7A4F7556}") = "RapidField.SolidInstruments.Example.WebApplication", "example\RapidField.SolidInstruments.Example.WebApplication\RapidField.SolidInstruments.Example.WebApplication.csproj", "{5043307D-17D2-4053-8022-8C26A26896E9}"
EndProject
Project("{9A19103F-16F7-4668-BE54-9A1E7A4F7556}") = "RapidField.SolidInstruments.Example.ServiceApplication", "example\RapidField.SolidInstruments.Example.ServiceApplication\RapidField.SolidInstruments.Example.ServiceApplication.csproj", "{3636378B-E643-475C-A023-A38836674B67}"
EndProject
Project("{9A19103F-16F7-4668-BE54-9A1E7A4F7556}") = "RapidField.SolidInstruments.Example.Domain", "example\RapidField.SolidInstruments.Example.Domain\RapidField.SolidInstruments.Example.Domain.csproj", "{7654E174-427D-44AA-AFB7-4EA67DA80759}"
EndProject
Project("{9A19103F-16F7-4668-BE54-9A1E7A4F7556}") = "RapidField.SolidInstruments.Example.Contracts", "example\RapidField.SolidInstruments.Example.Contracts\RapidField.SolidInstruments.Example.Contracts.csproj", "{7B0530D3-32DD-4C98-BB7F-CC924079E82D}"
EndProject
Project("{9A19103F-16F7-4668-BE54-9A1E7A4F7556}") = "RapidField.SolidInstruments.Service", "src\RapidField.SolidInstruments.Service\RapidField.SolidInstruments.Service.csproj", "{330FB74B-5D75-4B02-8ABA-B03EE296FA48}"
EndProject
Project("{9A19103F-16F7-4668-BE54-9A1E7A4F7556}") = "RapidField.SolidInstruments.Messaging.RabbitMq", "src\RapidField.SolidInstruments.Messaging.RabbitMq\RapidField.SolidInstruments.Messaging.RabbitMq.csproj", "{8B15EEE6-31D0-4EA4-ABAC-C40B751EB658}"
EndProject
Project("{9A19103F-16F7-4668-BE54-9A1E7A4F7556}") = "RapidField.SolidInstruments.Messaging.InMemory", "src\RapidField.SolidInstruments.Messaging.InMemory\RapidField.SolidInstruments.Messaging.InMemory.csproj", "{5DBE4E27-AA78-4276-BCF4-1CE1DD60555F}"
EndProject
Project("{2150E333-8FDC-42A3-9474-1A3956D46DE8}") = "doc", "doc", "{64B9EC77-F607-45D7-AF6D-8AF68A365572}"
	ProjectSection(SolutionItems) = preProject
		doc\.gitignore = doc\.gitignore
		doc\docfx.json = doc\docfx.json
		doc\index.md = doc\index.md
		doc\toc.yml = doc\toc.yml
	EndProjectSection
EndProject
Project("{2150E333-8FDC-42A3-9474-1A3956D46DE8}") = "api", "api", "{FF64BD87-5A3C-498F-9A5A-8DD712C28925}"
	ProjectSection(SolutionItems) = preProject
		doc\api\.gitignore = doc\api\.gitignore
		doc\api\index.md = doc\api\index.md
	EndProjectSection
EndProject
Project("{2150E333-8FDC-42A3-9474-1A3956D46DE8}") = "articles", "articles", "{1F65CC6C-6473-4975-B273-42F3FF37A596}"
	ProjectSection(SolutionItems) = preProject
		doc\articles\QuickStartGuide.md = doc\articles\QuickStartGuide.md
	EndProjectSection
EndProject
Project("{2150E333-8FDC-42A3-9474-1A3956D46DE8}") = "images", "images", "{3A97001A-5B3F-401E-8B13-3FB80F3B86AB}"
	ProjectSection(SolutionItems) = preProject
		doc\images\favicon.ico = doc\images\favicon.ico
		doc\images\Label.Collections.300w.png = doc\images\Label.Collections.300w.png
		doc\images\Label.Command.300w.png = doc\images\Label.Command.300w.png
		doc\images\Label.Core.300w.png = doc\images\Label.Core.300w.png
		doc\images\Label.Cryptography.300w.png = doc\images\Label.Cryptography.300w.png
		doc\images\Label.DataAccess.300w.png = doc\images\Label.DataAccess.300w.png
		doc\images\Label.EventAuthoring.300w.png = doc\images\Label.EventAuthoring.300w.png
		doc\images\Label.InversionOfControl.300w.png = doc\images\Label.InversionOfControl.300w.png
		doc\images\Label.Mathematics.300w.png = doc\images\Label.Mathematics.300w.png
		doc\images\Label.Messaging.300w.png = doc\images\Label.Messaging.300w.png
		doc\images\Label.ObjectComposition.300w.png = doc\images\Label.ObjectComposition.300w.png
		doc\images\Label.Serialization.300w.png = doc\images\Label.Serialization.300w.png
		doc\images\Label.Service.300w.png = doc\images\Label.Service.300w.png
		doc\images\Label.SignalProcessing.300w.png = doc\images\Label.SignalProcessing.300w.png
		doc\images\Label.TextEncoding.300w.png = doc\images\Label.TextEncoding.300w.png
		doc\images\RapidField.Logo.Color.White.Transparent.227w.png = doc\images\RapidField.Logo.Color.White.Transparent.227w.png
		doc\images\SolidInstruments.Logo.Color.Black.Transparent.500w.png = doc\images\SolidInstruments.Logo.Color.Black.Transparent.500w.png
	EndProjectSection
EndProject
Project("{2150E333-8FDC-42A3-9474-1A3956D46DE8}") = "namespaces", "namespaces", "{A60D77E2-E0A4-4102-ACB3-3743D60986E7}"
	ProjectSection(SolutionItems) = preProject
		doc\namespaces\RapidField.SolidInstruments.Collections.Extensions.md = doc\namespaces\RapidField.SolidInstruments.Collections.Extensions.md
		doc\namespaces\RapidField.SolidInstruments.Collections.md = doc\namespaces\RapidField.SolidInstruments.Collections.md
		doc\namespaces\RapidField.SolidInstruments.Command.md = doc\namespaces\RapidField.SolidInstruments.Command.md
		doc\namespaces\RapidField.SolidInstruments.Core.ArgumentValidation.md = doc\namespaces\RapidField.SolidInstruments.Core.ArgumentValidation.md
		doc\namespaces\RapidField.SolidInstruments.Core.Concurrency.md = doc\namespaces\RapidField.SolidInstruments.Core.Concurrency.md
		doc\namespaces\RapidField.SolidInstruments.Core.Extensions.md = doc\namespaces\RapidField.SolidInstruments.Core.Extensions.md
		doc\namespaces\RapidField.SolidInstruments.Core.md = doc\namespaces\RapidField.SolidInstruments.Core.md
		doc\namespaces\RapidField.SolidInstruments.Cryptography.Extensions.md = doc\namespaces\RapidField.SolidInstruments.Cryptography.Extensions.md
		doc\namespaces\RapidField.SolidInstruments.Cryptography.Hashing.md = doc\namespaces\RapidField.SolidInstruments.Cryptography.Hashing.md
		doc\namespaces\RapidField.SolidInstruments.Cryptography.md = doc\namespaces\RapidField.SolidInstruments.Cryptography.md
		doc\namespaces\RapidField.SolidInstruments.Cryptography.Symmetric.md = doc\namespaces\RapidField.SolidInstruments.Cryptography.Symmetric.md
		doc\namespaces\RapidField.SolidInstruments.DataAccess.EntityFramework.md = doc\namespaces\RapidField.SolidInstruments.DataAccess.EntityFramework.md
		doc\namespaces\RapidField.SolidInstruments.DataAccess.md = doc\namespaces\RapidField.SolidInstruments.DataAccess.md
		doc\namespaces\RapidField.SolidInstruments.EventAuthoring.Extensions.md = doc\namespaces\RapidField.SolidInstruments.EventAuthoring.Extensions.md
		doc\namespaces\RapidField.SolidInstruments.EventAuthoring.md = doc\namespaces\RapidField.SolidInstruments.EventAuthoring.md
		doc\namespaces\RapidField.SolidInstruments.InversionOfControl.Autofac.Extensions.md = doc\namespaces\RapidField.SolidInstruments.InversionOfControl.Autofac.Extensions.md
		doc\namespaces\RapidField.SolidInstruments.InversionOfControl.Autofac.md = doc\namespaces\RapidField.SolidInstruments.InversionOfControl.Autofac.md
		doc\namespaces\RapidField.SolidInstruments.InversionOfControl.DotNetNative.Extensions.md = doc\namespaces\RapidField.SolidInstruments.InversionOfControl.DotNetNative.Extensions.md
		doc\namespaces\RapidField.SolidInstruments.InversionOfControl.DotNetNative.md = doc\namespaces\RapidField.SolidInstruments.InversionOfControl.DotNetNative.md
		doc\namespaces\RapidField.SolidInstruments.InversionOfControl.Extensions.md = doc\namespaces\RapidField.SolidInstruments.InversionOfControl.Extensions.md
		doc\namespaces\RapidField.SolidInstruments.InversionOfControl.md = doc\namespaces\RapidField.SolidInstruments.InversionOfControl.md
		doc\namespaces\RapidField.SolidInstruments.Mathematics.Data.md = doc\namespaces\RapidField.SolidInstruments.Mathematics.Data.md
		doc\namespaces\RapidField.SolidInstruments.Mathematics.Extensions.md = doc\namespaces\RapidField.SolidInstruments.Mathematics.Extensions.md
		doc\namespaces\RapidField.SolidInstruments.Mathematics.md = doc\namespaces\RapidField.SolidInstruments.Mathematics.md
		doc\namespaces\RapidField.SolidInstruments.Mathematics.Physics.md = doc\namespaces\RapidField.SolidInstruments.Mathematics.Physics.md
		doc\namespaces\RapidField.SolidInstruments.Mathematics.Sequences.md = doc\namespaces\RapidField.SolidInstruments.Mathematics.Sequences.md
		doc\namespaces\RapidField.SolidInstruments.Mathematics.Statistics.md = doc\namespaces\RapidField.SolidInstruments.Mathematics.Statistics.md
		doc\namespaces\RapidField.SolidInstruments.Messaging.AzureServiceBus.md = doc\namespaces\RapidField.SolidInstruments.Messaging.AzureServiceBus.md
		doc\namespaces\RapidField.SolidInstruments.Messaging.EventMessages.md = doc\namespaces\RapidField.SolidInstruments.Messaging.EventMessages.md
		doc\namespaces\RapidField.SolidInstruments.Messaging.InMemory.md = doc\namespaces\RapidField.SolidInstruments.Messaging.InMemory.md
		doc\namespaces\RapidField.SolidInstruments.Messaging.md = doc\namespaces\RapidField.SolidInstruments.Messaging.md
		doc\namespaces\RapidField.SolidInstruments.Messaging.RabbitMq.md = doc\namespaces\RapidField.SolidInstruments.Messaging.RabbitMq.md
		doc\namespaces\RapidField.SolidInstruments.Messaging.Service.md = doc\namespaces\RapidField.SolidInstruments.Messaging.Service.md
		doc\namespaces\RapidField.SolidInstruments.Messaging.TransportPrimitives.md = doc\namespaces\RapidField.SolidInstruments.Messaging.TransportPrimitives.md
		doc\namespaces\RapidField.SolidInstruments.ObjectComposition.md = doc\namespaces\RapidField.SolidInstruments.ObjectComposition.md
		doc\namespaces\RapidField.SolidInstruments.Serialization.Extensions.md = doc\namespaces\RapidField.SolidInstruments.Serialization.Extensions.md
		doc\namespaces\RapidField.SolidInstruments.Serialization.md = doc\namespaces\RapidField.SolidInstruments.Serialization.md
		doc\namespaces\RapidField.SolidInstruments.Service.md = doc\namespaces\RapidField.SolidInstruments.Service.md
		doc\namespaces\RapidField.SolidInstruments.SignalProcessing.md = doc\namespaces\RapidField.SolidInstruments.SignalProcessing.md
		doc\namespaces\RapidField.SolidInstruments.TextEncoding.Extensions.md = doc\namespaces\RapidField.SolidInstruments.TextEncoding.Extensions.md
		doc\namespaces\RapidField.SolidInstruments.TextEncoding.md = doc\namespaces\RapidField.SolidInstruments.TextEncoding.md
	EndProjectSection
EndProject
Project("{2150E333-8FDC-42A3-9474-1A3956D46DE8}") = "templates", "templates", "{5D1D074E-456F-4CA1-A4C5-45074EDCFDA8}"
EndProject
Project("{2150E333-8FDC-42A3-9474-1A3956D46DE8}") = "custom", "custom", "{D086BDF4-E322-40C5-B2A4-F53322C361F3}"
EndProject
Project("{2150E333-8FDC-42A3-9474-1A3956D46DE8}") = "partials", "partials", "{40906A44-DB6F-43B9-9A29-B00C84D59CDC}"
	ProjectSection(SolutionItems) = preProject
		doc\templates\custom\partials\_affix.liquid = doc\templates\custom\partials\_affix.liquid
		doc\templates\custom\partials\_breadcrumb.liquid = doc\templates\custom\partials\_breadcrumb.liquid
		doc\templates\custom\partials\_footer.liquid = doc\templates\custom\partials\_footer.liquid
		doc\templates\custom\partials\_head.liquid = doc\templates\custom\partials\_head.liquid
		doc\templates\custom\partials\_logo.liquid = doc\templates\custom\partials\_logo.liquid
		doc\templates\custom\partials\_navbar.liquid = doc\templates\custom\partials\_navbar.liquid
		doc\templates\custom\partials\_productlogo.liquid = doc\templates\custom\partials\_productlogo.liquid
		doc\templates\custom\partials\_scripts.liquid = doc\templates\custom\partials\_scripts.liquid
		doc\templates\custom\partials\_toc.liquid = doc\templates\custom\partials\_toc.liquid
		doc\templates\custom\partials\affix.tmpl.partial = doc\templates\custom\partials\affix.tmpl.partial
		doc\templates\custom\partials\breadcrumb.tmpl.partial = doc\templates\custom\partials\breadcrumb.tmpl.partial
		doc\templates\custom\partials\class.header.tmpl.partial = doc\templates\custom\partials\class.header.tmpl.partial
		doc\templates\custom\partials\class.tmpl.partial = doc\templates\custom\partials\class.tmpl.partial
		doc\templates\custom\partials\classSubtitle.tmpl.partial = doc\templates\custom\partials\classSubtitle.tmpl.partial
		doc\templates\custom\partials\customMREFContent.tmpl.partial = doc\templates\custom\partials\customMREFContent.tmpl.partial
		doc\templates\custom\partials\dd-li.tmpl.partial = doc\templates\custom\partials\dd-li.tmpl.partial
		doc\templates\custom\partials\enum.tmpl.partial = doc\templates\custom\partials\enum.tmpl.partial
		doc\templates\custom\partials\footer.tmpl.partial = doc\templates\custom\partials\footer.tmpl.partial
		doc\templates\custom\partials\head.tmpl.partial = doc\templates\custom\partials\head.tmpl.partial
		doc\templates\custom\partials\li.tmpl.partial = doc\templates\custom\partials\li.tmpl.partial
		doc\templates\custom\partials\logo.tmpl.partial = doc\templates\custom\partials\logo.tmpl.partial
		doc\templates\custom\partials\namespace.tmpl.partial = doc\templates\custom\partials\namespace.tmpl.partial
		doc\templates\custom\partials\namespaceSubtitle.tmpl.partial = doc\templates\custom\partials\namespaceSubtitle.tmpl.partial
		doc\templates\custom\partials\navbar.tmpl.partial = doc\templates\custom\partials\navbar.tmpl.partial
		doc\templates\custom\partials\productlogo.tmpl.partial = doc\templates\custom\partials\productlogo.tmpl.partial
		doc\templates\custom\partials\rest.child.tmpl.partial = doc\templates\custom\partials\rest.child.tmpl.partial
		doc\templates\custom\partials\rest.tmpl.partial = doc\templates\custom\partials\rest.tmpl.partial
		doc\templates\custom\partials\scripts.tmpl.partial = doc\templates\custom\partials\scripts.tmpl.partial
		doc\templates\custom\partials\searchResults.tmpl.partial = doc\templates\custom\partials\searchResults.tmpl.partial
		doc\templates\custom\partials\title.tmpl.partial = doc\templates\custom\partials\title.tmpl.partial
		doc\templates\custom\partials\toc.tmpl.partial = doc\templates\custom\partials\toc.tmpl.partial
	EndProjectSection
EndProject
Project("{2150E333-8FDC-42A3-9474-1A3956D46DE8}") = "styles", "styles", "{502AF17D-FB52-4DD5-8B82-D943B42453DD}"
	ProjectSection(SolutionItems) = preProject
		doc\templates\custom\styles\docfx.css = doc\templates\custom\styles\docfx.css
		doc\templates\custom\styles\docfx.js = doc\templates\custom\styles\docfx.js
		doc\templates\custom\styles\main.css = doc\templates\custom\styles\main.css
		doc\templates\custom\styles\main.js = doc\templates\custom\styles\main.js
	EndProjectSection
EndProject
Project("{2150E333-8FDC-42A3-9474-1A3956D46DE8}") = "uref", "uref", "{31F22F5A-728C-4144-BDFE-9B7FD5A181CD}"
	ProjectSection(SolutionItems) = preProject
		doc\templates\custom\partials\uref\class.header.tmpl.partial = doc\templates\custom\partials\uref\class.header.tmpl.partial
		doc\templates\custom\partials\uref\class.tmpl.partial = doc\templates\custom\partials\uref\class.tmpl.partial
		doc\templates\custom\partials\uref\enum.tmpl.partial = doc\templates\custom\partials\uref\enum.tmpl.partial
		doc\templates\custom\partials\uref\parameters.tmpl.partial = doc\templates\custom\partials\uref\parameters.tmpl.partial
	EndProjectSection
EndProject
Project("{2150E333-8FDC-42A3-9474-1A3956D46DE8}") = "layout", "layout", "{D0DCD47C-22DE-4D5C-A46C-9A92CB15E9D3}"
	ProjectSection(SolutionItems) = preProject
		doc\templates\custom\layout\_master.tmpl = doc\templates\custom\layout\_master.tmpl
	EndProjectSection
EndProject
Project("{2150E333-8FDC-42A3-9474-1A3956D46DE8}") = "releasenotes", "releasenotes", "{B027F798-DEC4-4399-9959-697D10C8C9D4}"
	ProjectSection(SolutionItems) = preProject
		doc\releasenotes\v1.0.23.md = doc\releasenotes\v1.0.23.md
	EndProjectSection
EndProject
Global
	GlobalSection(SolutionConfigurationPlatforms) = preSolution
		Debug|Any CPU = Debug|Any CPU
		Release|Any CPU = Release|Any CPU
	EndGlobalSection
	GlobalSection(ProjectConfigurationPlatforms) = postSolution
		{AA3D9B87-9EC2-403F-B999-C1EB4F8F43EC}.Debug|Any CPU.ActiveCfg = Debug|Any CPU
		{AA3D9B87-9EC2-403F-B999-C1EB4F8F43EC}.Debug|Any CPU.Build.0 = Debug|Any CPU
		{AA3D9B87-9EC2-403F-B999-C1EB4F8F43EC}.Release|Any CPU.ActiveCfg = Release|Any CPU
		{AA3D9B87-9EC2-403F-B999-C1EB4F8F43EC}.Release|Any CPU.Build.0 = Release|Any CPU
		{88D856A1-004F-4B78-9ADC-CC230B13B190}.Debug|Any CPU.ActiveCfg = Debug|Any CPU
		{88D856A1-004F-4B78-9ADC-CC230B13B190}.Debug|Any CPU.Build.0 = Debug|Any CPU
		{88D856A1-004F-4B78-9ADC-CC230B13B190}.Release|Any CPU.ActiveCfg = Release|Any CPU
		{88D856A1-004F-4B78-9ADC-CC230B13B190}.Release|Any CPU.Build.0 = Release|Any CPU
		{8C3F9763-5710-4BB7-BD21-5E216814DD8C}.Debug|Any CPU.ActiveCfg = Debug|Any CPU
		{8C3F9763-5710-4BB7-BD21-5E216814DD8C}.Debug|Any CPU.Build.0 = Debug|Any CPU
		{8C3F9763-5710-4BB7-BD21-5E216814DD8C}.Release|Any CPU.ActiveCfg = Release|Any CPU
		{8C3F9763-5710-4BB7-BD21-5E216814DD8C}.Release|Any CPU.Build.0 = Release|Any CPU
		{CEA3687A-7032-4301-839F-E155C63390B6}.Debug|Any CPU.ActiveCfg = Debug|Any CPU
		{CEA3687A-7032-4301-839F-E155C63390B6}.Debug|Any CPU.Build.0 = Debug|Any CPU
		{CEA3687A-7032-4301-839F-E155C63390B6}.Release|Any CPU.ActiveCfg = Release|Any CPU
		{CEA3687A-7032-4301-839F-E155C63390B6}.Release|Any CPU.Build.0 = Release|Any CPU
		{5912202A-10FD-4B9D-A551-6ECCADCFF210}.Debug|Any CPU.ActiveCfg = Debug|Any CPU
		{5912202A-10FD-4B9D-A551-6ECCADCFF210}.Debug|Any CPU.Build.0 = Debug|Any CPU
		{5912202A-10FD-4B9D-A551-6ECCADCFF210}.Release|Any CPU.ActiveCfg = Release|Any CPU
		{5912202A-10FD-4B9D-A551-6ECCADCFF210}.Release|Any CPU.Build.0 = Release|Any CPU
		{201D5E3F-59EE-465A-93F7-3796278E8125}.Debug|Any CPU.ActiveCfg = Debug|Any CPU
		{201D5E3F-59EE-465A-93F7-3796278E8125}.Debug|Any CPU.Build.0 = Debug|Any CPU
		{201D5E3F-59EE-465A-93F7-3796278E8125}.Release|Any CPU.ActiveCfg = Release|Any CPU
		{201D5E3F-59EE-465A-93F7-3796278E8125}.Release|Any CPU.Build.0 = Release|Any CPU
		{318A9071-1D8B-49EE-84B8-E75DB4193D07}.Debug|Any CPU.ActiveCfg = Debug|Any CPU
		{318A9071-1D8B-49EE-84B8-E75DB4193D07}.Debug|Any CPU.Build.0 = Debug|Any CPU
		{318A9071-1D8B-49EE-84B8-E75DB4193D07}.Release|Any CPU.ActiveCfg = Release|Any CPU
		{318A9071-1D8B-49EE-84B8-E75DB4193D07}.Release|Any CPU.Build.0 = Release|Any CPU
		{7E6CF559-ACD2-470E-BC88-35AC2313CBCB}.Debug|Any CPU.ActiveCfg = Debug|Any CPU
		{7E6CF559-ACD2-470E-BC88-35AC2313CBCB}.Debug|Any CPU.Build.0 = Debug|Any CPU
		{7E6CF559-ACD2-470E-BC88-35AC2313CBCB}.Release|Any CPU.ActiveCfg = Release|Any CPU
		{7E6CF559-ACD2-470E-BC88-35AC2313CBCB}.Release|Any CPU.Build.0 = Release|Any CPU
		{481F1ED2-5A92-4719-AE40-BD511857A639}.Debug|Any CPU.ActiveCfg = Debug|Any CPU
		{481F1ED2-5A92-4719-AE40-BD511857A639}.Debug|Any CPU.Build.0 = Debug|Any CPU
		{481F1ED2-5A92-4719-AE40-BD511857A639}.Release|Any CPU.ActiveCfg = Release|Any CPU
		{481F1ED2-5A92-4719-AE40-BD511857A639}.Release|Any CPU.Build.0 = Release|Any CPU
		{423D665F-C102-4A50-A487-F19C75551228}.Debug|Any CPU.ActiveCfg = Debug|Any CPU
		{423D665F-C102-4A50-A487-F19C75551228}.Debug|Any CPU.Build.0 = Debug|Any CPU
		{423D665F-C102-4A50-A487-F19C75551228}.Release|Any CPU.ActiveCfg = Release|Any CPU
		{423D665F-C102-4A50-A487-F19C75551228}.Release|Any CPU.Build.0 = Release|Any CPU
		{C1F9E16B-80F7-4020-B53C-18C5EF5BB266}.Debug|Any CPU.ActiveCfg = Debug|Any CPU
		{C1F9E16B-80F7-4020-B53C-18C5EF5BB266}.Debug|Any CPU.Build.0 = Debug|Any CPU
		{C1F9E16B-80F7-4020-B53C-18C5EF5BB266}.Release|Any CPU.ActiveCfg = Release|Any CPU
		{C1F9E16B-80F7-4020-B53C-18C5EF5BB266}.Release|Any CPU.Build.0 = Release|Any CPU
		{46D54C62-8FAC-4B35-966F-1757EBDF3355}.Debug|Any CPU.ActiveCfg = Debug|Any CPU
		{46D54C62-8FAC-4B35-966F-1757EBDF3355}.Debug|Any CPU.Build.0 = Debug|Any CPU
		{46D54C62-8FAC-4B35-966F-1757EBDF3355}.Release|Any CPU.ActiveCfg = Release|Any CPU
		{46D54C62-8FAC-4B35-966F-1757EBDF3355}.Release|Any CPU.Build.0 = Release|Any CPU
		{DEACB2C8-3F64-4E06-A4DB-87E71A107561}.Debug|Any CPU.ActiveCfg = Debug|Any CPU
		{DEACB2C8-3F64-4E06-A4DB-87E71A107561}.Debug|Any CPU.Build.0 = Debug|Any CPU
		{DEACB2C8-3F64-4E06-A4DB-87E71A107561}.Release|Any CPU.ActiveCfg = Release|Any CPU
		{DEACB2C8-3F64-4E06-A4DB-87E71A107561}.Release|Any CPU.Build.0 = Release|Any CPU
		{C7EEF11F-B8BD-4FAF-9807-BE4BE609BC41}.Debug|Any CPU.ActiveCfg = Debug|Any CPU
		{C7EEF11F-B8BD-4FAF-9807-BE4BE609BC41}.Debug|Any CPU.Build.0 = Debug|Any CPU
		{C7EEF11F-B8BD-4FAF-9807-BE4BE609BC41}.Release|Any CPU.ActiveCfg = Release|Any CPU
		{C7EEF11F-B8BD-4FAF-9807-BE4BE609BC41}.Release|Any CPU.Build.0 = Release|Any CPU
		{1AD54151-74FC-4F7F-A660-F581FB1B968E}.Debug|Any CPU.ActiveCfg = Debug|Any CPU
		{1AD54151-74FC-4F7F-A660-F581FB1B968E}.Debug|Any CPU.Build.0 = Debug|Any CPU
		{1AD54151-74FC-4F7F-A660-F581FB1B968E}.Release|Any CPU.ActiveCfg = Release|Any CPU
		{1AD54151-74FC-4F7F-A660-F581FB1B968E}.Release|Any CPU.Build.0 = Release|Any CPU
		{D48D1A36-0682-4426-ACAB-FC51B9DCEB9E}.Debug|Any CPU.ActiveCfg = Debug|Any CPU
		{D48D1A36-0682-4426-ACAB-FC51B9DCEB9E}.Debug|Any CPU.Build.0 = Debug|Any CPU
		{D48D1A36-0682-4426-ACAB-FC51B9DCEB9E}.Release|Any CPU.ActiveCfg = Release|Any CPU
		{D48D1A36-0682-4426-ACAB-FC51B9DCEB9E}.Release|Any CPU.Build.0 = Release|Any CPU
		{4EF35BE7-67D7-4CF3-915A-8F393C4D99CB}.Debug|Any CPU.ActiveCfg = Debug|Any CPU
		{4EF35BE7-67D7-4CF3-915A-8F393C4D99CB}.Debug|Any CPU.Build.0 = Debug|Any CPU
		{4EF35BE7-67D7-4CF3-915A-8F393C4D99CB}.Release|Any CPU.ActiveCfg = Release|Any CPU
		{4EF35BE7-67D7-4CF3-915A-8F393C4D99CB}.Release|Any CPU.Build.0 = Release|Any CPU
		{E7B65558-5EB3-43A3-B145-2A5C30FD594F}.Debug|Any CPU.ActiveCfg = Debug|Any CPU
		{E7B65558-5EB3-43A3-B145-2A5C30FD594F}.Debug|Any CPU.Build.0 = Debug|Any CPU
		{E7B65558-5EB3-43A3-B145-2A5C30FD594F}.Release|Any CPU.ActiveCfg = Release|Any CPU
		{E7B65558-5EB3-43A3-B145-2A5C30FD594F}.Release|Any CPU.Build.0 = Release|Any CPU
		{CD107816-83BE-43DA-A0DE-259F646132D1}.Debug|Any CPU.ActiveCfg = Debug|Any CPU
		{CD107816-83BE-43DA-A0DE-259F646132D1}.Debug|Any CPU.Build.0 = Debug|Any CPU
		{CD107816-83BE-43DA-A0DE-259F646132D1}.Release|Any CPU.ActiveCfg = Release|Any CPU
		{CD107816-83BE-43DA-A0DE-259F646132D1}.Release|Any CPU.Build.0 = Release|Any CPU
		{8AC93190-DC2D-4574-B5FE-BF021E00A178}.Debug|Any CPU.ActiveCfg = Debug|Any CPU
		{8AC93190-DC2D-4574-B5FE-BF021E00A178}.Debug|Any CPU.Build.0 = Debug|Any CPU
		{8AC93190-DC2D-4574-B5FE-BF021E00A178}.Release|Any CPU.ActiveCfg = Release|Any CPU
		{8AC93190-DC2D-4574-B5FE-BF021E00A178}.Release|Any CPU.Build.0 = Release|Any CPU
		{5EF52B77-4BCA-4C0B-92B1-2561C3A55CDE}.Debug|Any CPU.ActiveCfg = Debug|Any CPU
		{5EF52B77-4BCA-4C0B-92B1-2561C3A55CDE}.Debug|Any CPU.Build.0 = Debug|Any CPU
		{5EF52B77-4BCA-4C0B-92B1-2561C3A55CDE}.Release|Any CPU.ActiveCfg = Release|Any CPU
		{5EF52B77-4BCA-4C0B-92B1-2561C3A55CDE}.Release|Any CPU.Build.0 = Release|Any CPU
		{7FCA3B45-9BC8-42EC-AE54-9D9F75899551}.Debug|Any CPU.ActiveCfg = Debug|Any CPU
		{7FCA3B45-9BC8-42EC-AE54-9D9F75899551}.Debug|Any CPU.Build.0 = Debug|Any CPU
		{7FCA3B45-9BC8-42EC-AE54-9D9F75899551}.Release|Any CPU.ActiveCfg = Release|Any CPU
		{7FCA3B45-9BC8-42EC-AE54-9D9F75899551}.Release|Any CPU.Build.0 = Release|Any CPU
		{30ED497E-F1FC-4613-8BF6-DFECB433042B}.Debug|Any CPU.ActiveCfg = Debug|Any CPU
		{30ED497E-F1FC-4613-8BF6-DFECB433042B}.Debug|Any CPU.Build.0 = Debug|Any CPU
		{30ED497E-F1FC-4613-8BF6-DFECB433042B}.Release|Any CPU.ActiveCfg = Release|Any CPU
		{30ED497E-F1FC-4613-8BF6-DFECB433042B}.Release|Any CPU.Build.0 = Release|Any CPU
		{24A45340-C8FF-43DC-9C53-8504DA127BA6}.Debug|Any CPU.ActiveCfg = Debug|Any CPU
		{24A45340-C8FF-43DC-9C53-8504DA127BA6}.Debug|Any CPU.Build.0 = Debug|Any CPU
		{24A45340-C8FF-43DC-9C53-8504DA127BA6}.Release|Any CPU.ActiveCfg = Release|Any CPU
		{24A45340-C8FF-43DC-9C53-8504DA127BA6}.Release|Any CPU.Build.0 = Release|Any CPU
		{A4EA28AF-2D15-42E8-95E6-C1D977DA2DBC}.Debug|Any CPU.ActiveCfg = Debug|Any CPU
		{A4EA28AF-2D15-42E8-95E6-C1D977DA2DBC}.Debug|Any CPU.Build.0 = Debug|Any CPU
		{A4EA28AF-2D15-42E8-95E6-C1D977DA2DBC}.Release|Any CPU.ActiveCfg = Release|Any CPU
		{A4EA28AF-2D15-42E8-95E6-C1D977DA2DBC}.Release|Any CPU.Build.0 = Release|Any CPU
		{4D6738B7-0941-4E3F-842F-82B2B771E249}.Debug|Any CPU.ActiveCfg = Debug|Any CPU
		{4D6738B7-0941-4E3F-842F-82B2B771E249}.Debug|Any CPU.Build.0 = Debug|Any CPU
		{4D6738B7-0941-4E3F-842F-82B2B771E249}.Release|Any CPU.ActiveCfg = Release|Any CPU
		{4D6738B7-0941-4E3F-842F-82B2B771E249}.Release|Any CPU.Build.0 = Release|Any CPU
		{08A17DF7-07BA-4D99-9790-09213993D3C7}.Debug|Any CPU.ActiveCfg = Debug|Any CPU
		{08A17DF7-07BA-4D99-9790-09213993D3C7}.Debug|Any CPU.Build.0 = Debug|Any CPU
		{08A17DF7-07BA-4D99-9790-09213993D3C7}.Release|Any CPU.ActiveCfg = Release|Any CPU
		{08A17DF7-07BA-4D99-9790-09213993D3C7}.Release|Any CPU.Build.0 = Release|Any CPU
		{37BD9C91-9861-4AB6-AB66-E355FE05429C}.Debug|Any CPU.ActiveCfg = Debug|Any CPU
		{37BD9C91-9861-4AB6-AB66-E355FE05429C}.Debug|Any CPU.Build.0 = Debug|Any CPU
		{37BD9C91-9861-4AB6-AB66-E355FE05429C}.Release|Any CPU.ActiveCfg = Release|Any CPU
		{37BD9C91-9861-4AB6-AB66-E355FE05429C}.Release|Any CPU.Build.0 = Release|Any CPU
		{8C346A21-9830-4FDD-B559-329E4B1EF75D}.Debug|Any CPU.ActiveCfg = Debug|Any CPU
		{8C346A21-9830-4FDD-B559-329E4B1EF75D}.Debug|Any CPU.Build.0 = Debug|Any CPU
		{8C346A21-9830-4FDD-B559-329E4B1EF75D}.Release|Any CPU.ActiveCfg = Release|Any CPU
		{8C346A21-9830-4FDD-B559-329E4B1EF75D}.Release|Any CPU.Build.0 = Release|Any CPU
		{FCFCA29A-2909-462D-AEAB-F067654236EC}.Debug|Any CPU.ActiveCfg = Debug|Any CPU
		{FCFCA29A-2909-462D-AEAB-F067654236EC}.Debug|Any CPU.Build.0 = Debug|Any CPU
		{FCFCA29A-2909-462D-AEAB-F067654236EC}.Release|Any CPU.ActiveCfg = Release|Any CPU
		{FCFCA29A-2909-462D-AEAB-F067654236EC}.Release|Any CPU.Build.0 = Release|Any CPU
		{C08FA672-FAC1-4A6C-AEAA-C12417DBB25D}.Debug|Any CPU.ActiveCfg = Debug|Any CPU
		{C08FA672-FAC1-4A6C-AEAA-C12417DBB25D}.Debug|Any CPU.Build.0 = Debug|Any CPU
		{C08FA672-FAC1-4A6C-AEAA-C12417DBB25D}.Release|Any CPU.ActiveCfg = Release|Any CPU
		{C08FA672-FAC1-4A6C-AEAA-C12417DBB25D}.Release|Any CPU.Build.0 = Release|Any CPU
		{D3F03AA2-A280-4D4D-A742-75BB6CEAB189}.Debug|Any CPU.ActiveCfg = Debug|Any CPU
		{D3F03AA2-A280-4D4D-A742-75BB6CEAB189}.Debug|Any CPU.Build.0 = Debug|Any CPU
		{D3F03AA2-A280-4D4D-A742-75BB6CEAB189}.Release|Any CPU.ActiveCfg = Release|Any CPU
		{D3F03AA2-A280-4D4D-A742-75BB6CEAB189}.Release|Any CPU.Build.0 = Release|Any CPU
		{BCDA38AB-FF8D-4A5D-B85A-FC23A98D0A42}.Debug|Any CPU.ActiveCfg = Debug|Any CPU
		{BCDA38AB-FF8D-4A5D-B85A-FC23A98D0A42}.Debug|Any CPU.Build.0 = Debug|Any CPU
		{BCDA38AB-FF8D-4A5D-B85A-FC23A98D0A42}.Release|Any CPU.ActiveCfg = Release|Any CPU
		{BCDA38AB-FF8D-4A5D-B85A-FC23A98D0A42}.Release|Any CPU.Build.0 = Release|Any CPU
		{3EED0CA7-B5E5-4388-9256-A6B21E82F663}.Debug|Any CPU.ActiveCfg = Debug|Any CPU
		{3EED0CA7-B5E5-4388-9256-A6B21E82F663}.Debug|Any CPU.Build.0 = Debug|Any CPU
		{3EED0CA7-B5E5-4388-9256-A6B21E82F663}.Release|Any CPU.ActiveCfg = Release|Any CPU
		{3EED0CA7-B5E5-4388-9256-A6B21E82F663}.Release|Any CPU.Build.0 = Release|Any CPU
		{5043307D-17D2-4053-8022-8C26A26896E9}.Debug|Any CPU.ActiveCfg = Debug|Any CPU
		{5043307D-17D2-4053-8022-8C26A26896E9}.Debug|Any CPU.Build.0 = Debug|Any CPU
		{5043307D-17D2-4053-8022-8C26A26896E9}.Release|Any CPU.ActiveCfg = Release|Any CPU
		{5043307D-17D2-4053-8022-8C26A26896E9}.Release|Any CPU.Build.0 = Release|Any CPU
		{3636378B-E643-475C-A023-A38836674B67}.Debug|Any CPU.ActiveCfg = Debug|Any CPU
		{3636378B-E643-475C-A023-A38836674B67}.Debug|Any CPU.Build.0 = Debug|Any CPU
		{3636378B-E643-475C-A023-A38836674B67}.Release|Any CPU.ActiveCfg = Release|Any CPU
		{3636378B-E643-475C-A023-A38836674B67}.Release|Any CPU.Build.0 = Release|Any CPU
		{7654E174-427D-44AA-AFB7-4EA67DA80759}.Debug|Any CPU.ActiveCfg = Debug|Any CPU
		{7654E174-427D-44AA-AFB7-4EA67DA80759}.Debug|Any CPU.Build.0 = Debug|Any CPU
		{7654E174-427D-44AA-AFB7-4EA67DA80759}.Release|Any CPU.ActiveCfg = Release|Any CPU
		{7654E174-427D-44AA-AFB7-4EA67DA80759}.Release|Any CPU.Build.0 = Release|Any CPU
		{7B0530D3-32DD-4C98-BB7F-CC924079E82D}.Debug|Any CPU.ActiveCfg = Debug|Any CPU
		{7B0530D3-32DD-4C98-BB7F-CC924079E82D}.Debug|Any CPU.Build.0 = Debug|Any CPU
		{7B0530D3-32DD-4C98-BB7F-CC924079E82D}.Release|Any CPU.ActiveCfg = Release|Any CPU
		{7B0530D3-32DD-4C98-BB7F-CC924079E82D}.Release|Any CPU.Build.0 = Release|Any CPU
		{330FB74B-5D75-4B02-8ABA-B03EE296FA48}.Debug|Any CPU.ActiveCfg = Debug|Any CPU
		{330FB74B-5D75-4B02-8ABA-B03EE296FA48}.Debug|Any CPU.Build.0 = Debug|Any CPU
		{330FB74B-5D75-4B02-8ABA-B03EE296FA48}.Release|Any CPU.ActiveCfg = Release|Any CPU
		{330FB74B-5D75-4B02-8ABA-B03EE296FA48}.Release|Any CPU.Build.0 = Release|Any CPU
		{8B15EEE6-31D0-4EA4-ABAC-C40B751EB658}.Debug|Any CPU.ActiveCfg = Debug|Any CPU
		{8B15EEE6-31D0-4EA4-ABAC-C40B751EB658}.Debug|Any CPU.Build.0 = Debug|Any CPU
		{8B15EEE6-31D0-4EA4-ABAC-C40B751EB658}.Release|Any CPU.ActiveCfg = Release|Any CPU
		{8B15EEE6-31D0-4EA4-ABAC-C40B751EB658}.Release|Any CPU.Build.0 = Release|Any CPU
		{5DBE4E27-AA78-4276-BCF4-1CE1DD60555F}.Debug|Any CPU.ActiveCfg = Debug|Any CPU
		{5DBE4E27-AA78-4276-BCF4-1CE1DD60555F}.Debug|Any CPU.Build.0 = Debug|Any CPU
		{5DBE4E27-AA78-4276-BCF4-1CE1DD60555F}.Release|Any CPU.ActiveCfg = Release|Any CPU
		{5DBE4E27-AA78-4276-BCF4-1CE1DD60555F}.Release|Any CPU.Build.0 = Release|Any CPU
	EndGlobalSection
	GlobalSection(SolutionProperties) = preSolution
		HideSolutionNode = FALSE
	EndGlobalSection
	GlobalSection(NestedProjects) = preSolution
		{AA3D9B87-9EC2-403F-B999-C1EB4F8F43EC} = {F58E05BE-9DC6-41B4-8324-C006F6CE7CC7}
		{88D856A1-004F-4B78-9ADC-CC230B13B190} = {F58E05BE-9DC6-41B4-8324-C006F6CE7CC7}
		{8C3F9763-5710-4BB7-BD21-5E216814DD8C} = {5DAD6C24-954B-43EC-B7D9-62BC08CF7AC6}
		{CEA3687A-7032-4301-839F-E155C63390B6} = {5DAD6C24-954B-43EC-B7D9-62BC08CF7AC6}
		{5912202A-10FD-4B9D-A551-6ECCADCFF210} = {F58E05BE-9DC6-41B4-8324-C006F6CE7CC7}
		{201D5E3F-59EE-465A-93F7-3796278E8125} = {5DAD6C24-954B-43EC-B7D9-62BC08CF7AC6}
		{318A9071-1D8B-49EE-84B8-E75DB4193D07} = {F58E05BE-9DC6-41B4-8324-C006F6CE7CC7}
		{7E6CF559-ACD2-470E-BC88-35AC2313CBCB} = {5DAD6C24-954B-43EC-B7D9-62BC08CF7AC6}
		{481F1ED2-5A92-4719-AE40-BD511857A639} = {F58E05BE-9DC6-41B4-8324-C006F6CE7CC7}
		{423D665F-C102-4A50-A487-F19C75551228} = {F58E05BE-9DC6-41B4-8324-C006F6CE7CC7}
		{C1F9E16B-80F7-4020-B53C-18C5EF5BB266} = {5DAD6C24-954B-43EC-B7D9-62BC08CF7AC6}
		{46D54C62-8FAC-4B35-966F-1757EBDF3355} = {F58E05BE-9DC6-41B4-8324-C006F6CE7CC7}
		{DEACB2C8-3F64-4E06-A4DB-87E71A107561} = {5DAD6C24-954B-43EC-B7D9-62BC08CF7AC6}
		{C7EEF11F-B8BD-4FAF-9807-BE4BE609BC41} = {F58E05BE-9DC6-41B4-8324-C006F6CE7CC7}
		{1AD54151-74FC-4F7F-A660-F581FB1B968E} = {5DAD6C24-954B-43EC-B7D9-62BC08CF7AC6}
		{D48D1A36-0682-4426-ACAB-FC51B9DCEB9E} = {F58E05BE-9DC6-41B4-8324-C006F6CE7CC7}
		{4EF35BE7-67D7-4CF3-915A-8F393C4D99CB} = {5DAD6C24-954B-43EC-B7D9-62BC08CF7AC6}
		{E7B65558-5EB3-43A3-B145-2A5C30FD594F} = {F58E05BE-9DC6-41B4-8324-C006F6CE7CC7}
		{CD107816-83BE-43DA-A0DE-259F646132D1} = {5DAD6C24-954B-43EC-B7D9-62BC08CF7AC6}
		{8AC93190-DC2D-4574-B5FE-BF021E00A178} = {F58E05BE-9DC6-41B4-8324-C006F6CE7CC7}
		{5EF52B77-4BCA-4C0B-92B1-2561C3A55CDE} = {5DAD6C24-954B-43EC-B7D9-62BC08CF7AC6}
		{7FCA3B45-9BC8-42EC-AE54-9D9F75899551} = {F58E05BE-9DC6-41B4-8324-C006F6CE7CC7}
		{30ED497E-F1FC-4613-8BF6-DFECB433042B} = {5DAD6C24-954B-43EC-B7D9-62BC08CF7AC6}
		{24A45340-C8FF-43DC-9C53-8504DA127BA6} = {F58E05BE-9DC6-41B4-8324-C006F6CE7CC7}
		{A4EA28AF-2D15-42E8-95E6-C1D977DA2DBC} = {5DAD6C24-954B-43EC-B7D9-62BC08CF7AC6}
		{4D6738B7-0941-4E3F-842F-82B2B771E249} = {F58E05BE-9DC6-41B4-8324-C006F6CE7CC7}
		{08A17DF7-07BA-4D99-9790-09213993D3C7} = {5DAD6C24-954B-43EC-B7D9-62BC08CF7AC6}
		{37BD9C91-9861-4AB6-AB66-E355FE05429C} = {F58E05BE-9DC6-41B4-8324-C006F6CE7CC7}
		{8C346A21-9830-4FDD-B559-329E4B1EF75D} = {5DAD6C24-954B-43EC-B7D9-62BC08CF7AC6}
		{FCFCA29A-2909-462D-AEAB-F067654236EC} = {F58E05BE-9DC6-41B4-8324-C006F6CE7CC7}
		{C08FA672-FAC1-4A6C-AEAA-C12417DBB25D} = {F58E05BE-9DC6-41B4-8324-C006F6CE7CC7}
		{D3F03AA2-A280-4D4D-A742-75BB6CEAB189} = {5DAD6C24-954B-43EC-B7D9-62BC08CF7AC6}
		{BCDA38AB-FF8D-4A5D-B85A-FC23A98D0A42} = {5DAD6C24-954B-43EC-B7D9-62BC08CF7AC6}
		{3EED0CA7-B5E5-4388-9256-A6B21E82F663} = {BEB60D41-11BB-4C6E-8F5D-1E7990A27C34}
		{5043307D-17D2-4053-8022-8C26A26896E9} = {BEB60D41-11BB-4C6E-8F5D-1E7990A27C34}
		{3636378B-E643-475C-A023-A38836674B67} = {BEB60D41-11BB-4C6E-8F5D-1E7990A27C34}
		{7654E174-427D-44AA-AFB7-4EA67DA80759} = {BEB60D41-11BB-4C6E-8F5D-1E7990A27C34}
		{7B0530D3-32DD-4C98-BB7F-CC924079E82D} = {BEB60D41-11BB-4C6E-8F5D-1E7990A27C34}
		{330FB74B-5D75-4B02-8ABA-B03EE296FA48} = {F58E05BE-9DC6-41B4-8324-C006F6CE7CC7}
		{8B15EEE6-31D0-4EA4-ABAC-C40B751EB658} = {F58E05BE-9DC6-41B4-8324-C006F6CE7CC7}
		{5DBE4E27-AA78-4276-BCF4-1CE1DD60555F} = {F58E05BE-9DC6-41B4-8324-C006F6CE7CC7}
		{FF64BD87-5A3C-498F-9A5A-8DD712C28925} = {64B9EC77-F607-45D7-AF6D-8AF68A365572}
		{1F65CC6C-6473-4975-B273-42F3FF37A596} = {64B9EC77-F607-45D7-AF6D-8AF68A365572}
		{3A97001A-5B3F-401E-8B13-3FB80F3B86AB} = {64B9EC77-F607-45D7-AF6D-8AF68A365572}
		{A60D77E2-E0A4-4102-ACB3-3743D60986E7} = {64B9EC77-F607-45D7-AF6D-8AF68A365572}
		{5D1D074E-456F-4CA1-A4C5-45074EDCFDA8} = {64B9EC77-F607-45D7-AF6D-8AF68A365572}
		{D086BDF4-E322-40C5-B2A4-F53322C361F3} = {5D1D074E-456F-4CA1-A4C5-45074EDCFDA8}
		{40906A44-DB6F-43B9-9A29-B00C84D59CDC} = {D086BDF4-E322-40C5-B2A4-F53322C361F3}
		{502AF17D-FB52-4DD5-8B82-D943B42453DD} = {D086BDF4-E322-40C5-B2A4-F53322C361F3}
		{31F22F5A-728C-4144-BDFE-9B7FD5A181CD} = {40906A44-DB6F-43B9-9A29-B00C84D59CDC}
		{D0DCD47C-22DE-4D5C-A46C-9A92CB15E9D3} = {D086BDF4-E322-40C5-B2A4-F53322C361F3}
		{B027F798-DEC4-4399-9959-697D10C8C9D4} = {64B9EC77-F607-45D7-AF6D-8AF68A365572}
	EndGlobalSection
	GlobalSection(ExtensibilityGlobals) = postSolution
		SolutionGuid = {834FCFB0-DA00-4ABD-9424-6FE1398A9F6E}
	EndGlobalSection
EndGlobal
